
Microsoft Visual Studio Solution File, Format Version 12.00
# Visual Studio Version 16
VisualStudioVersion = 16.0.808.6
MinimumVisualStudioVersion = 10.0.40219.1
Project("{FAE04EC0-301F-11D3-BF4B-00C04F79EFBC}") = "ChatUI.Android", "ChatUI.Android\ChatUI.Android.csproj", "{A1E40BFA-F56F-4B2A-A549-27B4B9AAD736}"
EndProject
Project("{FAE04EC0-301F-11D3-BF4B-00C04F79EFBC}") = "ChatUI.iOS", "ChatUI.iOS\ChatUI.iOS.csproj", "{E9D8F14E-82E4-4B01-98A1-3561B331C5B9}"
EndProject
Project("{FAE04EC0-301F-11D3-BF4B-00C04F79EFBC}") = "ChatUI", "ChatUI\ChatUI.csproj", "{0F7504CD-899B-47CD-908A-0A40759F3D63}"
EndProject
Global
	GlobalSection(SolutionConfigurationPlatforms) = preSolution
		Debug|Any CPU = Debug|Any CPU
		Release|Any CPU = Release|Any CPU
		Debug|iPhoneSimulator = Debug|iPhoneSimulator
		Release|iPhoneSimulator = Release|iPhoneSimulator
		Debug|iPhone = Debug|iPhone
		Release|iPhone = Release|iPhone
	EndGlobalSection
	GlobalSection(ProjectConfigurationPlatforms) = postSolution
		{A1E40BFA-F56F-4B2A-A549-27B4B9AAD736}.Debug|Any CPU.ActiveCfg = Debug|Any CPU
		{A1E40BFA-F56F-4B2A-A549-27B4B9AAD736}.Debug|Any CPU.Build.0 = Debug|Any CPU
		{A1E40BFA-F56F-4B2A-A549-27B4B9AAD736}.Release|Any CPU.ActiveCfg = Release|Any CPU
		{A1E40BFA-F56F-4B2A-A549-27B4B9AAD736}.Release|Any CPU.Build.0 = Release|Any CPU
		{A1E40BFA-F56F-4B2A-A549-27B4B9AAD736}.Debug|iPhoneSimulator.ActiveCfg = Debug|Any CPU
		{A1E40BFA-F56F-4B2A-A549-27B4B9AAD736}.Debug|iPhoneSimulator.Build.0 = Debug|Any CPU
		{A1E40BFA-F56F-4B2A-A549-27B4B9AAD736}.Release|iPhoneSimulator.ActiveCfg = Release|Any CPU
		{A1E40BFA-F56F-4B2A-A549-27B4B9AAD736}.Release|iPhoneSimulator.Build.0 = Release|Any CPU
		{A1E40BFA-F56F-4B2A-A549-27B4B9AAD736}.Debug|iPhone.ActiveCfg = Debug|Any CPU
		{A1E40BFA-F56F-4B2A-A549-27B4B9AAD736}.Debug|iPhone.Build.0 = Debug|Any CPU
		{A1E40BFA-F56F-4B2A-A549-27B4B9AAD736}.Release|iPhone.ActiveCfg = Release|Any CPU
		{A1E40BFA-F56F-4B2A-A549-27B4B9AAD736}.Release|iPhone.Build.0 = Release|Any CPU
		{E9D8F14E-82E4-4B01-98A1-3561B331C5B9}.Debug|Any CPU.ActiveCfg = Debug|iPhoneSimulator
		{E9D8F14E-82E4-4B01-98A1-3561B331C5B9}.Debug|Any CPU.Build.0 = Debug|iPhoneSimulator
		{E9D8F14E-82E4-4B01-98A1-3561B331C5B9}.Release|Any CPU.ActiveCfg = Release|iPhoneSimulator
		{E9D8F14E-82E4-4B01-98A1-3561B331C5B9}.Release|Any CPU.Build.0 = Release|iPhoneSimulator
		{E9D8F14E-82E4-4B01-98A1-3561B331C5B9}.Debug|iPhoneSimulator.ActiveCfg = Debug|iPhoneSimulator
		{E9D8F14E-82E4-4B01-98A1-3561B331C5B9}.Debug|iPhoneSimulator.Build.0 = Debug|iPhoneSimulator
		{E9D8F14E-82E4-4B01-98A1-3561B331C5B9}.Release|iPhoneSimulator.ActiveCfg = Release|iPhoneSimulator
		{E9D8F14E-82E4-4B01-98A1-3561B331C5B9}.Release|iPhoneSimulator.Build.0 = Release|iPhoneSimulator
		{E9D8F14E-82E4-4B01-98A1-3561B331C5B9}.Debug|iPhone.ActiveCfg = Debug|iPhone
		{E9D8F14E-82E4-4B01-98A1-3561B331C5B9}.Debug|iPhone.Build.0 = Debug|iPhone
		{E9D8F14E-82E4-4B01-98A1-3561B331C5B9}.Release|iPhone.ActiveCfg = Release|iPhone
		{E9D8F14E-82E4-4B01-98A1-3561B331C5B9}.Release|iPhone.Build.0 = Release|iPhone
		{0F7504CD-899B-47CD-908A-0A40759F3D63}.Debug|Any CPU.ActiveCfg = Debug|Any CPU
		{0F7504CD-899B-47CD-908A-0A40759F3D63}.Debug|Any CPU.Build.0 = Debug|Any CPU
		{0F7504CD-899B-47CD-908A-0A40759F3D63}.Release|Any CPU.ActiveCfg = Release|Any CPU
		{0F7504CD-899B-47CD-908A-0A40759F3D63}.Release|Any CPU.Build.0 = Release|Any CPU
		{0F7504CD-899B-47CD-908A-0A40759F3D63}.Debug|iPhoneSimulator.ActiveCfg = Debug|Any CPU
		{0F7504CD-899B-47CD-908A-0A40759F3D63}.Debug|iPhoneSimulator.Build.0 = Debug|Any CPU
		{0F7504CD-899B-47CD-908A-0A40759F3D63}.Release|iPhoneSimulator.ActiveCfg = Release|Any CPU
		{0F7504CD-899B-47CD-908A-0A40759F3D63}.Release|iPhoneSimulator.Build.0 = Release|Any CPU
		{0F7504CD-899B-47CD-908A-0A40759F3D63}.Debug|iPhone.ActiveCfg = Debug|Any CPU
		{0F7504CD-899B-47CD-908A-0A40759F3D63}.Debug|iPhone.Build.0 = Debug|Any CPU
		{0F7504CD-899B-47CD-908A-0A40759F3D63}.Release|iPhone.ActiveCfg = Release|Any CPU
		{0F7504CD-899B-47CD-908A-0A40759F3D63}.Release|iPhone.Build.0 = Release|Any CPU
	EndGlobalSection
	GlobalSection(SolutionProperties) = preSolution
		HideSolutionNode = FALSE
	EndGlobalSection
	GlobalSection(ExtensibilityGlobals) = postSolution
		SolutionGuid = {48589157-5E69-417B-819A-B9F7D4B4988D}
	EndGlobalSection
EndGlobal
